{
  "name": "aycweb-kapso",
  "lockfileVersion": 3,
  "requires": true,
  "packages": {
    "": {
      "name": "aycweb-kapso",
      "devDependencies": {
        "@kapso/workflows": "latest",
        "typescript": "^5"
      }
    },
    "node_modules/@kapso/workflows": {
      "version": "0.2.0",
      "resolved": "https://registry.npmjs.org/@kapso/workflows/-/workflows-0.2.0.tgz",
      "integrity": "sha512-W2FFyQI4J4wU3SHVfu9uX42BHW9S58TAs0cu5rOYX5Oi49s6rI0c43P2Tgh34yB1xSJwNqQnbK8jMgaDGrvJfg==",
      "dev": true,
      "license": "MIT"
    },
    "node_modules/typescript": {
      "version": "5.9.3",
      "resolved": "https://registry.npmjs.org/typescript/-/typescript-5.9.3.tgz",
      "integrity": "sha512-jl1vZzPDinLr9eUt3J/t7V6FgNEw9QjvBPdysz9KfQDD41fQrC2Y4vKQdiaUpFT4bXlb1RHhLpp8wtm6M5TgSw==",
      "dev": true,
      "license": "Apache-2.0",
      "bin": {
        "tsc": "bin/tsc",
        "tsserver": "bin/tsserver"
      },
      "engines": {
        "node": ">=14.17"
      }
    }
  }
}
